
Microsoft Visual Studio Solution File, Format Version 12.00
# Visual Studio Version 17
VisualStudioVersion = 17.9.34723.18
MinimumVisualStudioVersion = 10.0.40219.1
Project("{FAE04EC0-301F-11D3-BF4B-00C04F79EFBC}") = "EjemploPatronesAD", "EjemploPatronesAD.csproj", "{01A6719D-A126-4F29-9B39-35B5FE6FFB6C}"
EndProject
Global
	GlobalSection(SolutionConfigurationPlatforms) = preSolution
		Debug|Any CPU = Debug|Any CPU
		Release|Any CPU = Release|Any CPU
	EndGlobalSection
	GlobalSection(ProjectConfigurationPlatforms) = postSolution
		{01A6719D-A126-4F29-9B39-35B5FE6FFB6C}.Debug|Any CPU.ActiveCfg = Debug|Any CPU
		{01A6719D-A126-4F29-9B39-35B5FE6FFB6C}.Debug|Any CPU.Build.0 = Debug|Any CPU
		{01A6719D-A126-4F29-9B39-35B5FE6FFB6C}.Release|Any CPU.ActiveCfg = Release|Any CPU
		{01A6719D-A126-4F29-9B39-35B5FE6FFB6C}.Release|Any CPU.Build.0 = Release|Any CPU
	EndGlobalSection
	GlobalSection(SolutionProperties) = preSolution
		HideSolutionNode = FALSE
	EndGlobalSection
	GlobalSection(ExtensibilityGlobals) = postSolution
		SolutionGuid = {6A03A821-6359-4C81-B9BE-161265ACE948}
	EndGlobalSection
EndGlobal
